
Microsoft Visual Studio Solution File, Format Version 12.00
# Visual Studio 15
Project("{FAE04EC0-301F-11D3-BF4B-00C04F79EFBC}") = "Oculus.Platform", "Oculus.Platform.csproj", "{E037CAA8-E869-A4C5-F18A-EFABC25765B8}"
EndProject
Project("{FAE04EC0-301F-11D3-BF4B-00C04F79EFBC}") = "Assembly-CSharp", "Assembly-CSharp.csproj", "{87802663-F40E-5D5B-3074-A6CFB5D52170}"
EndProject
Project("{FAE04EC0-301F-11D3-BF4B-00C04F79EFBC}") = "Oculus.Spatializer", "Oculus.Spatializer.csproj", "{A86D4E88-4337-86F2-B28B-4901ACB076F0}"
EndProject
Project("{FAE04EC0-301F-11D3-BF4B-00C04F79EFBC}") = "Oculus.Interaction", "Oculus.Interaction.csproj", "{523C70B2-869B-B894-C5BB-E0D6F0D57227}"
EndProject
Project("{FAE04EC0-301F-11D3-BF4B-00C04F79EFBC}") = "Meta.WitAi", "Meta.WitAi.csproj", "{B3F0A45E-DD0B-7F2B-2516-7B0609211627}"
EndProject
Project("{FAE04EC0-301F-11D3-BF4B-00C04F79EFBC}") = "Oculus.Interaction.OVR.Samples", "Oculus.Interaction.OVR.Samples.csproj", "{8D1FA0B7-ECEB-DC26-25F0-65F654A065E4}"
EndProject
Project("{FAE04EC0-301F-11D3-BF4B-00C04F79EFBC}") = "Oculus.VR", "Oculus.VR.csproj", "{9F4365A1-5B34-C9D6-992F-6EC5535F462F}"
EndProject
Project("{FAE04EC0-301F-11D3-BF4B-00C04F79EFBC}") = "VoiceSDK.Dictation.Runtime", "VoiceSDK.Dictation.Runtime.csproj", "{D6E5F180-65E0-050C-8F89-FC9D048D4065}"
EndProject
Project("{FAE04EC0-301F-11D3-BF4B-00C04F79EFBC}") = "Meta.WitAi.TTS", "Meta.WitAi.TTS.csproj", "{B02A4270-113E-70D5-B2BF-A447B3957889}"
EndProject
Project("{FAE04EC0-301F-11D3-BF4B-00C04F79EFBC}") = "Oculus.AudioManager", "Oculus.AudioManager.csproj", "{52876D77-5EE3-501A-2914-5F3746FD32DF}"
EndProject
Project("{FAE04EC0-301F-11D3-BF4B-00C04F79EFBC}") = "VoiceSDK.Runtime", "VoiceSDK.Runtime.csproj", "{B3D15F01-9374-9B4C-03A0-44B8B11018BC}"
EndProject
Project("{FAE04EC0-301F-11D3-BF4B-00C04F79EFBC}") = "Facebook.Wit.Dictation", "Facebook.Wit.Dictation.csproj", "{2F41CEF0-C5F2-AB6B-CD9B-4954C7DF54ED}"
EndProject
Project("{FAE04EC0-301F-11D3-BF4B-00C04F79EFBC}") = "Meta.WitAi.TTS.Samples", "Meta.WitAi.TTS.Samples.csproj", "{A3DB0855-1A8E-D900-C940-DD2825C752BE}"
EndProject
Project("{FAE04EC0-301F-11D3-BF4B-00C04F79EFBC}") = "Oculus.Voice.Demo", "Oculus.Voice.Demo.csproj", "{9E554B19-262D-3D09-FE30-B2560DCF3F7A}"
EndProject
Project("{FAE04EC0-301F-11D3-BF4B-00C04F79EFBC}") = "Meta.WitAi.Lib", "Meta.WitAi.Lib.csproj", "{DD446D62-1D1E-3B0A-19C3-950C13473239}"
EndProject
Project("{FAE04EC0-301F-11D3-BF4B-00C04F79EFBC}") = "Oculus.Interaction.OVR", "Oculus.Interaction.OVR.csproj", "{657B4957-50EB-3308-7E3D-3F1A05AC4B1A}"
EndProject
Project("{FAE04EC0-301F-11D3-BF4B-00C04F79EFBC}") = "AssistantCoreSDKRuntime", "AssistantCoreSDKRuntime.csproj", "{A8CA6D9A-D69D-9D0E-6CD8-38EBAAF5AA85}"
EndProject
Project("{FAE04EC0-301F-11D3-BF4B-00C04F79EFBC}") = "Meta.WitAi.Conduit", "Meta.WitAi.Conduit.csproj", "{B0B6AC06-09B5-88AA-4796-19AAB834ACD3}"
EndProject
Project("{FAE04EC0-301F-11D3-BF4B-00C04F79EFBC}") = "Oculus.LipSync", "Oculus.LipSync.csproj", "{FC352CE3-DB7B-5770-5A96-AEF553D04EF9}"
EndProject
Project("{FAE04EC0-301F-11D3-BF4B-00C04F79EFBC}") = "Meta.VoiceSDK.Mic.Other", "Meta.VoiceSDK.Mic.Other.csproj", "{C4455C17-B195-5580-657E-C3CB0FB88F9A}"
EndProject
Project("{FAE04EC0-301F-11D3-BF4B-00C04F79EFBC}") = "Meta.VoiceSDK.Mic.Common", "Meta.VoiceSDK.Mic.Common.csproj", "{BD5B19B6-99FE-883C-A85A-1D8B239DB788}"
EndProject
Project("{FAE04EC0-301F-11D3-BF4B-00C04F79EFBC}") = "Meta.WitAi.Editor", "Meta.WitAi.Editor.csproj", "{6D8B2A9E-7DAF-08E8-165D-EAAA2AF7B4B2}"
EndProject
Project("{FAE04EC0-301F-11D3-BF4B-00C04F79EFBC}") = "Meta.WitAi.Conduit.Editor", "Meta.WitAi.Conduit.Editor.csproj", "{52312398-4B48-5DE1-9EEA-315F462FACB4}"
EndProject
Project("{FAE04EC0-301F-11D3-BF4B-00C04F79EFBC}") = "Oculus.Interaction.Editor", "Oculus.Interaction.Editor.csproj", "{A644C5F1-35E8-84D8-05D3-243D1C1D287C}"
EndProject
Project("{FAE04EC0-301F-11D3-BF4B-00C04F79EFBC}") = "Meta.WitAI.Lib.Editor", "Meta.WitAI.Lib.Editor.csproj", "{390C0C57-66DC-48B3-39B0-0B621216BE89}"
EndProject
Project("{FAE04EC0-301F-11D3-BF4B-00C04F79EFBC}") = "Oculus.VR.Editor", "Oculus.VR.Editor.csproj", "{6FD7C6CA-CD68-66F4-2F19-BCAEE3136AE9}"
EndProject
Project("{FAE04EC0-301F-11D3-BF4B-00C04F79EFBC}") = "Oculus.Interaction.OVR.Editor", "Oculus.Interaction.OVR.Editor.csproj", "{B73691DC-FE3D-923C-9B2C-95C866B8F4AF}"
EndProject
Project("{FAE04EC0-301F-11D3-BF4B-00C04F79EFBC}") = "Assembly-CSharp-Editor", "Assembly-CSharp-Editor.csproj", "{C03CE35F-EE72-19A8-D228-69FF840A73B4}"
EndProject
Project("{FAE04EC0-301F-11D3-BF4B-00C04F79EFBC}") = "Oculus.Interaction.Samples.Editor", "Oculus.Interaction.Samples.Editor.csproj", "{FA8E7A9A-A7EE-73CB-21E9-F25C0487B0FC}"
EndProject
Project("{FAE04EC0-301F-11D3-BF4B-00C04F79EFBC}") = "Oculus.VR.Scripts.Editor", "Oculus.VR.Scripts.Editor.csproj", "{44616A9B-B398-914B-AD98-AC5677242D22}"
EndProject
Project("{FAE04EC0-301F-11D3-BF4B-00C04F79EFBC}") = "VoiceSDK.Editor", "VoiceSDK.Editor.csproj", "{248FEFF2-38A9-5921-4D8D-5DFEB98B3A0E}"
EndProject
Project("{FAE04EC0-301F-11D3-BF4B-00C04F79EFBC}") = "Oculus.Spatializer.Editor", "Oculus.Spatializer.Editor.csproj", "{1EB07E09-B8E5-1A53-EE27-7DBD0D7B5D1B}"
EndProject
Project("{FAE04EC0-301F-11D3-BF4B-00C04F79EFBC}") = "Meta.WitAi.TTS.Editor", "Meta.WitAi.TTS.Editor.csproj", "{CC77F7A1-F393-278F-4897-4D9111812C7B}"
EndProject
Project("{FAE04EC0-301F-11D3-BF4B-00C04F79EFBC}") = "Facebook.Wit.Dictation.Editor", "Facebook.Wit.Dictation.Editor.csproj", "{E8440C1F-B3BA-F1CE-FB5C-E69A0B395030}"
EndProject
Project("{FAE04EC0-301F-11D3-BF4B-00C04F79EFBC}") = "VoiceSDK.Dictation.Editor", "VoiceSDK.Dictation.Editor.csproj", "{36C97A47-8C7A-4B32-0B7C-F2426D83D399}"
EndProject
Project("{FAE04EC0-301F-11D3-BF4B-00C04F79EFBC}") = "Oculus.Platform.Editor", "Oculus.Platform.Editor.csproj", "{E4DB517D-6DA1-DF66-B6C3-84DA435E54DF}"
EndProject
Project("{FAE04EC0-301F-11D3-BF4B-00C04F79EFBC}") = "Oculus.AudioManager.Audio.Editor", "Oculus.AudioManager.Audio.Editor.csproj", "{A8E6A93B-08C4-C3E2-2F49-E623645C3FB0}"
EndProject
Project("{FAE04EC0-301F-11D3-BF4B-00C04F79EFBC}") = "Oculus.Interaction.InterfaceSupport", "Oculus.Interaction.InterfaceSupport.csproj", "{6DE408B4-EAA5-9B66-861B-8492ED009C05}"
EndProject
Project("{FAE04EC0-301F-11D3-BF4B-00C04F79EFBC}") = "Oculus.LipSync.Editor", "Oculus.LipSync.Editor.csproj", "{237832B8-BE5D-FB08-5A57-8F4E075F2926}"
EndProject
Project("{FAE04EC0-301F-11D3-BF4B-00C04F79EFBC}") = "AssistantCoreSDKEditor", "AssistantCoreSDKEditor.csproj", "{368A41CF-B104-FAA5-99B9-5A7681100E8D}"
EndProject
Project("{FAE04EC0-301F-11D3-BF4B-00C04F79EFBC}") = "Oculus.AudioManager.Utils.Editor", "Oculus.AudioManager.Utils.Editor.csproj", "{D73DAF47-C82B-11DF-C2A0-7FCED21B89A5}"
EndProject
Global
	GlobalSection(SolutionConfigurationPlatforms) = preSolution
		Debug|Any CPU = Debug|Any CPU
		Release|Any CPU = Release|Any CPU
	EndGlobalSection
	GlobalSection(ProjectConfigurationPlatforms) = postSolution
		{E037CAA8-E869-A4C5-F18A-EFABC25765B8}.Debug|Any CPU.ActiveCfg = Debug|Any CPU
		{E037CAA8-E869-A4C5-F18A-EFABC25765B8}.Debug|Any CPU.Build.0 = Debug|Any CPU
		{E037CAA8-E869-A4C5-F18A-EFABC25765B8}.Release|Any CPU.ActiveCfg = Release|Any CPU
		{E037CAA8-E869-A4C5-F18A-EFABC25765B8}.Release|Any CPU.Build.0 = Release|Any CPU
		{87802663-F40E-5D5B-3074-A6CFB5D52170}.Debug|Any CPU.ActiveCfg = Debug|Any CPU
		{87802663-F40E-5D5B-3074-A6CFB5D52170}.Debug|Any CPU.Build.0 = Debug|Any CPU
		{87802663-F40E-5D5B-3074-A6CFB5D52170}.Release|Any CPU.ActiveCfg = Release|Any CPU
		{87802663-F40E-5D5B-3074-A6CFB5D52170}.Release|Any CPU.Build.0 = Release|Any CPU
		{A86D4E88-4337-86F2-B28B-4901ACB076F0}.Debug|Any CPU.ActiveCfg = Debug|Any CPU
		{A86D4E88-4337-86F2-B28B-4901ACB076F0}.Debug|Any CPU.Build.0 = Debug|Any CPU
		{A86D4E88-4337-86F2-B28B-4901ACB076F0}.Release|Any CPU.ActiveCfg = Release|Any CPU
		{A86D4E88-4337-86F2-B28B-4901ACB076F0}.Release|Any CPU.Build.0 = Release|Any CPU
		{523C70B2-869B-B894-C5BB-E0D6F0D57227}.Debug|Any CPU.ActiveCfg = Debug|Any CPU
		{523C70B2-869B-B894-C5BB-E0D6F0D57227}.Debug|Any CPU.Build.0 = Debug|Any CPU
		{523C70B2-869B-B894-C5BB-E0D6F0D57227}.Release|Any CPU.ActiveCfg = Release|Any CPU
		{523C70B2-869B-B894-C5BB-E0D6F0D57227}.Release|Any CPU.Build.0 = Release|Any CPU
		{B3F0A45E-DD0B-7F2B-2516-7B0609211627}.Debug|Any CPU.ActiveCfg = Debug|Any CPU
		{B3F0A45E-DD0B-7F2B-2516-7B0609211627}.Debug|Any CPU.Build.0 = Debug|Any CPU
		{B3F0A45E-DD0B-7F2B-2516-7B0609211627}.Release|Any CPU.ActiveCfg = Release|Any CPU
		{B3F0A45E-DD0B-7F2B-2516-7B0609211627}.Release|Any CPU.Build.0 = Release|Any CPU
		{8D1FA0B7-ECEB-DC26-25F0-65F654A065E4}.Debug|Any CPU.ActiveCfg = Debug|Any CPU
		{8D1FA0B7-ECEB-DC26-25F0-65F654A065E4}.Debug|Any CPU.Build.0 = Debug|Any CPU
		{8D1FA0B7-ECEB-DC26-25F0-65F654A065E4}.Release|Any CPU.ActiveCfg = Release|Any CPU
		{8D1FA0B7-ECEB-DC26-25F0-65F654A065E4}.Release|Any CPU.Build.0 = Release|Any CPU
		{9F4365A1-5B34-C9D6-992F-6EC5535F462F}.Debug|Any CPU.ActiveCfg = Debug|Any CPU
		{9F4365A1-5B34-C9D6-992F-6EC5535F462F}.Debug|Any CPU.Build.0 = Debug|Any CPU
		{9F4365A1-5B34-C9D6-992F-6EC5535F462F}.Release|Any CPU.ActiveCfg = Release|Any CPU
		{9F4365A1-5B34-C9D6-992F-6EC5535F462F}.Release|Any CPU.Build.0 = Release|Any CPU
		{D6E5F180-65E0-050C-8F89-FC9D048D4065}.Debug|Any CPU.ActiveCfg = Debug|Any CPU
		{D6E5F180-65E0-050C-8F89-FC9D048D4065}.Debug|Any CPU.Build.0 = Debug|Any CPU
		{D6E5F180-65E0-050C-8F89-FC9D048D4065}.Release|Any CPU.ActiveCfg = Release|Any CPU
		{D6E5F180-65E0-050C-8F89-FC9D048D4065}.Release|Any CPU.Build.0 = Release|Any CPU
		{B02A4270-113E-70D5-B2BF-A447B3957889}.Debug|Any CPU.ActiveCfg = Debug|Any CPU
		{B02A4270-113E-70D5-B2BF-A447B3957889}.Debug|Any CPU.Build.0 = Debug|Any CPU
		{B02A4270-113E-70D5-B2BF-A447B3957889}.Release|Any CPU.ActiveCfg = Release|Any CPU
		{B02A4270-113E-70D5-B2BF-A447B3957889}.Release|Any CPU.Build.0 = Release|Any CPU
		{52876D77-5EE3-501A-2914-5F3746FD32DF}.Debug|Any CPU.ActiveCfg = Debug|Any CPU
		{52876D77-5EE3-501A-2914-5F3746FD32DF}.Debug|Any CPU.Build.0 = Debug|Any CPU
		{52876D77-5EE3-501A-2914-5F3746FD32DF}.Release|Any CPU.ActiveCfg = Release|Any CPU
		{52876D77-5EE3-501A-2914-5F3746FD32DF}.Release|Any CPU.Build.0 = Release|Any CPU
		{B3D15F01-9374-9B4C-03A0-44B8B11018BC}.Debug|Any CPU.ActiveCfg = Debug|Any CPU
		{B3D15F01-9374-9B4C-03A0-44B8B11018BC}.Debug|Any CPU.Build.0 = Debug|Any CPU
		{B3D15F01-9374-9B4C-03A0-44B8B11018BC}.Release|Any CPU.ActiveCfg = Release|Any CPU
		{B3D15F01-9374-9B4C-03A0-44B8B11018BC}.Release|Any CPU.Build.0 = Release|Any CPU
		{2F41CEF0-C5F2-AB6B-CD9B-4954C7DF54ED}.Debug|Any CPU.ActiveCfg = Debug|Any CPU
		{2F41CEF0-C5F2-AB6B-CD9B-4954C7DF54ED}.Debug|Any CPU.Build.0 = Debug|Any CPU
		{2F41CEF0-C5F2-AB6B-CD9B-4954C7DF54ED}.Release|Any CPU.ActiveCfg = Release|Any CPU
		{2F41CEF0-C5F2-AB6B-CD9B-4954C7DF54ED}.Release|Any CPU.Build.0 = Release|Any CPU
		{A3DB0855-1A8E-D900-C940-DD2825C752BE}.Debug|Any CPU.ActiveCfg = Debug|Any CPU
		{A3DB0855-1A8E-D900-C940-DD2825C752BE}.Debug|Any CPU.Build.0 = Debug|Any CPU
		{A3DB0855-1A8E-D900-C940-DD2825C752BE}.Release|Any CPU.ActiveCfg = Release|Any CPU
		{A3DB0855-1A8E-D900-C940-DD2825C752BE}.Release|Any CPU.Build.0 = Release|Any CPU
		{9E554B19-262D-3D09-FE30-B2560DCF3F7A}.Debug|Any CPU.ActiveCfg = Debug|Any CPU
		{9E554B19-262D-3D09-FE30-B2560DCF3F7A}.Debug|Any CPU.Build.0 = Debug|Any CPU
		{9E554B19-262D-3D09-FE30-B2560DCF3F7A}.Release|Any CPU.ActiveCfg = Release|Any CPU
		{9E554B19-262D-3D09-FE30-B2560DCF3F7A}.Release|Any CPU.Build.0 = Release|Any CPU
		{DD446D62-1D1E-3B0A-19C3-950C13473239}.Debug|Any CPU.ActiveCfg = Debug|Any CPU
		{DD446D62-1D1E-3B0A-19C3-950C13473239}.Debug|Any CPU.Build.0 = Debug|Any CPU
		{DD446D62-1D1E-3B0A-19C3-950C13473239}.Release|Any CPU.ActiveCfg = Release|Any CPU
		{DD446D62-1D1E-3B0A-19C3-950C13473239}.Release|Any CPU.Build.0 = Release|Any CPU
		{657B4957-50EB-3308-7E3D-3F1A05AC4B1A}.Debug|Any CPU.ActiveCfg = Debug|Any CPU
		{657B4957-50EB-3308-7E3D-3F1A05AC4B1A}.Debug|Any CPU.Build.0 = Debug|Any CPU
		{657B4957-50EB-3308-7E3D-3F1A05AC4B1A}.Release|Any CPU.ActiveCfg = Release|Any CPU
		{657B4957-50EB-3308-7E3D-3F1A05AC4B1A}.Release|Any CPU.Build.0 = Release|Any CPU
		{A8CA6D9A-D69D-9D0E-6CD8-38EBAAF5AA85}.Debug|Any CPU.ActiveCfg = Debug|Any CPU
		{A8CA6D9A-D69D-9D0E-6CD8-38EBAAF5AA85}.Debug|Any CPU.Build.0 = Debug|Any CPU
		{A8CA6D9A-D69D-9D0E-6CD8-38EBAAF5AA85}.Release|Any CPU.ActiveCfg = Release|Any CPU
		{A8CA6D9A-D69D-9D0E-6CD8-38EBAAF5AA85}.Release|Any CPU.Build.0 = Release|Any CPU
		{B0B6AC06-09B5-88AA-4796-19AAB834ACD3}.Debug|Any CPU.ActiveCfg = Debug|Any CPU
		{B0B6AC06-09B5-88AA-4796-19AAB834ACD3}.Debug|Any CPU.Build.0 = Debug|Any CPU
		{B0B6AC06-09B5-88AA-4796-19AAB834ACD3}.Release|Any CPU.ActiveCfg = Release|Any CPU
		{B0B6AC06-09B5-88AA-4796-19AAB834ACD3}.Release|Any CPU.Build.0 = Release|Any CPU
		{FC352CE3-DB7B-5770-5A96-AEF553D04EF9}.Debug|Any CPU.ActiveCfg = Debug|Any CPU
		{FC352CE3-DB7B-5770-5A96-AEF553D04EF9}.Debug|Any CPU.Build.0 = Debug|Any CPU
		{FC352CE3-DB7B-5770-5A96-AEF553D04EF9}.Release|Any CPU.ActiveCfg = Release|Any CPU
		{FC352CE3-DB7B-5770-5A96-AEF553D04EF9}.Release|Any CPU.Build.0 = Release|Any CPU
		{C4455C17-B195-5580-657E-C3CB0FB88F9A}.Debug|Any CPU.ActiveCfg = Debug|Any CPU
		{C4455C17-B195-5580-657E-C3CB0FB88F9A}.Debug|Any CPU.Build.0 = Debug|Any CPU
		{C4455C17-B195-5580-657E-C3CB0FB88F9A}.Release|Any CPU.ActiveCfg = Release|Any CPU
		{C4455C17-B195-5580-657E-C3CB0FB88F9A}.Release|Any CPU.Build.0 = Release|Any CPU
		{BD5B19B6-99FE-883C-A85A-1D8B239DB788}.Debug|Any CPU.ActiveCfg = Debug|Any CPU
		{BD5B19B6-99FE-883C-A85A-1D8B239DB788}.Debug|Any CPU.Build.0 = Debug|Any CPU
		{BD5B19B6-99FE-883C-A85A-1D8B239DB788}.Release|Any CPU.ActiveCfg = Release|Any CPU
		{BD5B19B6-99FE-883C-A85A-1D8B239DB788}.Release|Any CPU.Build.0 = Release|Any CPU
		{6D8B2A9E-7DAF-08E8-165D-EAAA2AF7B4B2}.Debug|Any CPU.ActiveCfg = Debug|Any CPU
		{6D8B2A9E-7DAF-08E8-165D-EAAA2AF7B4B2}.Debug|Any CPU.Build.0 = Debug|Any CPU
		{6D8B2A9E-7DAF-08E8-165D-EAAA2AF7B4B2}.Release|Any CPU.ActiveCfg = Release|Any CPU
		{6D8B2A9E-7DAF-08E8-165D-EAAA2AF7B4B2}.Release|Any CPU.Build.0 = Release|Any CPU
		{52312398-4B48-5DE1-9EEA-315F462FACB4}.Debug|Any CPU.ActiveCfg = Debug|Any CPU
		{52312398-4B48-5DE1-9EEA-315F462FACB4}.Debug|Any CPU.Build.0 = Debug|Any CPU
		{52312398-4B48-5DE1-9EEA-315F462FACB4}.Release|Any CPU.ActiveCfg = Release|Any CPU
		{52312398-4B48-5DE1-9EEA-315F462FACB4}.Release|Any CPU.Build.0 = Release|Any CPU
		{A644C5F1-35E8-84D8-05D3-243D1C1D287C}.Debug|Any CPU.ActiveCfg = Debug|Any CPU
		{A644C5F1-35E8-84D8-05D3-243D1C1D287C}.Debug|Any CPU.Build.0 = Debug|Any CPU
		{A644C5F1-35E8-84D8-05D3-243D1C1D287C}.Release|Any CPU.ActiveCfg = Release|Any CPU
		{A644C5F1-35E8-84D8-05D3-243D1C1D287C}.Release|Any CPU.Build.0 = Release|Any CPU
		{390C0C57-66DC-48B3-39B0-0B621216BE89}.Debug|Any CPU.ActiveCfg = Debug|Any CPU
		{390C0C57-66DC-48B3-39B0-0B621216BE89}.Debug|Any CPU.Build.0 = Debug|Any CPU
		{390C0C57-66DC-48B3-39B0-0B621216BE89}.Release|Any CPU.ActiveCfg = Release|Any CPU
		{390C0C57-66DC-48B3-39B0-0B621216BE89}.Release|Any CPU.Build.0 = Release|Any CPU
		{6FD7C6CA-CD68-66F4-2F19-BCAEE3136AE9}.Debug|Any CPU.ActiveCfg = Debug|Any CPU
		{6FD7C6CA-CD68-66F4-2F19-BCAEE3136AE9}.Debug|Any CPU.Build.0 = Debug|Any CPU
		{6FD7C6CA-CD68-66F4-2F19-BCAEE3136AE9}.Release|Any CPU.ActiveCfg = Release|Any CPU
		{6FD7C6CA-CD68-66F4-2F19-BCAEE3136AE9}.Release|Any CPU.Build.0 = Release|Any CPU
		{B73691DC-FE3D-923C-9B2C-95C866B8F4AF}.Debug|Any CPU.ActiveCfg = Debug|Any CPU
		{B73691DC-FE3D-923C-9B2C-95C866B8F4AF}.Debug|Any CPU.Build.0 = Debug|Any CPU
		{B73691DC-FE3D-923C-9B2C-95C866B8F4AF}.Release|Any CPU.ActiveCfg = Release|Any CPU
		{B73691DC-FE3D-923C-9B2C-95C866B8F4AF}.Release|Any CPU.Build.0 = Release|Any CPU
		{C03CE35F-EE72-19A8-D228-69FF840A73B4}.Debug|Any CPU.ActiveCfg = Debug|Any CPU
		{C03CE35F-EE72-19A8-D228-69FF840A73B4}.Debug|Any CPU.Build.0 = Debug|Any CPU
		{C03CE35F-EE72-19A8-D228-69FF840A73B4}.Release|Any CPU.ActiveCfg = Release|Any CPU
		{C03CE35F-EE72-19A8-D228-69FF840A73B4}.Release|Any CPU.Build.0 = Release|Any CPU
		{FA8E7A9A-A7EE-73CB-21E9-F25C0487B0FC}.Debug|Any CPU.ActiveCfg = Debug|Any CPU
		{FA8E7A9A-A7EE-73CB-21E9-F25C0487B0FC}.Debug|Any CPU.Build.0 = Debug|Any CPU
		{FA8E7A9A-A7EE-73CB-21E9-F25C0487B0FC}.Release|Any CPU.ActiveCfg = Release|Any CPU
		{FA8E7A9A-A7EE-73CB-21E9-F25C0487B0FC}.Release|Any CPU.Build.0 = Release|Any CPU
		{44616A9B-B398-914B-AD98-AC5677242D22}.Debug|Any CPU.ActiveCfg = Debug|Any CPU
		{44616A9B-B398-914B-AD98-AC5677242D22}.Debug|Any CPU.Build.0 = Debug|Any CPU
		{44616A9B-B398-914B-AD98-AC5677242D22}.Release|Any CPU.ActiveCfg = Release|Any CPU
		{44616A9B-B398-914B-AD98-AC5677242D22}.Release|Any CPU.Build.0 = Release|Any CPU
		{248FEFF2-38A9-5921-4D8D-5DFEB98B3A0E}.Debug|Any CPU.ActiveCfg = Debug|Any CPU
		{248FEFF2-38A9-5921-4D8D-5DFEB98B3A0E}.Debug|Any CPU.Build.0 = Debug|Any CPU
		{248FEFF2-38A9-5921-4D8D-5DFEB98B3A0E}.Release|Any CPU.ActiveCfg = Release|Any CPU
		{248FEFF2-38A9-5921-4D8D-5DFEB98B3A0E}.Release|Any CPU.Build.0 = Release|Any CPU
		{1EB07E09-B8E5-1A53-EE27-7DBD0D7B5D1B}.Debug|Any CPU.ActiveCfg = Debug|Any CPU
		{1EB07E09-B8E5-1A53-EE27-7DBD0D7B5D1B}.Debug|Any CPU.Build.0 = Debug|Any CPU
		{1EB07E09-B8E5-1A53-EE27-7DBD0D7B5D1B}.Release|Any CPU.ActiveCfg = Release|Any CPU
		{1EB07E09-B8E5-1A53-EE27-7DBD0D7B5D1B}.Release|Any CPU.Build.0 = Release|Any CPU
		{CC77F7A1-F393-278F-4897-4D9111812C7B}.Debug|Any CPU.ActiveCfg = Debug|Any CPU
		{CC77F7A1-F393-278F-4897-4D9111812C7B}.Debug|Any CPU.Build.0 = Debug|Any CPU
		{CC77F7A1-F393-278F-4897-4D9111812C7B}.Release|Any CPU.ActiveCfg = Release|Any CPU
		{CC77F7A1-F393-278F-4897-4D9111812C7B}.Release|Any CPU.Build.0 = Release|Any CPU
		{E8440C1F-B3BA-F1CE-FB5C-E69A0B395030}.Debug|Any CPU.ActiveCfg = Debug|Any CPU
		{E8440C1F-B3BA-F1CE-FB5C-E69A0B395030}.Debug|Any CPU.Build.0 = Debug|Any CPU
		{E8440C1F-B3BA-F1CE-FB5C-E69A0B395030}.Release|Any CPU.ActiveCfg = Release|Any CPU
		{E8440C1F-B3BA-F1CE-FB5C-E69A0B395030}.Release|Any CPU.Build.0 = Release|Any CPU
		{36C97A47-8C7A-4B32-0B7C-F2426D83D399}.Debug|Any CPU.ActiveCfg = Debug|Any CPU
		{36C97A47-8C7A-4B32-0B7C-F2426D83D399}.Debug|Any CPU.Build.0 = Debug|Any CPU
		{36C97A47-8C7A-4B32-0B7C-F2426D83D399}.Release|Any CPU.ActiveCfg = Release|Any CPU
		{36C97A47-8C7A-4B32-0B7C-F2426D83D399}.Release|Any CPU.Build.0 = Release|Any CPU
		{E4DB517D-6DA1-DF66-B6C3-84DA435E54DF}.Debug|Any CPU.ActiveCfg = Debug|Any CPU
		{E4DB517D-6DA1-DF66-B6C3-84DA435E54DF}.Debug|Any CPU.Build.0 = Debug|Any CPU
		{E4DB517D-6DA1-DF66-B6C3-84DA435E54DF}.Release|Any CPU.ActiveCfg = Release|Any CPU
		{E4DB517D-6DA1-DF66-B6C3-84DA435E54DF}.Release|Any CPU.Build.0 = Release|Any CPU
		{A8E6A93B-08C4-C3E2-2F49-E623645C3FB0}.Debug|Any CPU.ActiveCfg = Debug|Any CPU
		{A8E6A93B-08C4-C3E2-2F49-E623645C3FB0}.Debug|Any CPU.Build.0 = Debug|Any CPU
		{A8E6A93B-08C4-C3E2-2F49-E623645C3FB0}.Release|Any CPU.ActiveCfg = Release|Any CPU
		{A8E6A93B-08C4-C3E2-2F49-E623645C3FB0}.Release|Any CPU.Build.0 = Release|Any CPU
		{6DE408B4-EAA5-9B66-861B-8492ED009C05}.Debug|Any CPU.ActiveCfg = Debug|Any CPU
		{6DE408B4-EAA5-9B66-861B-8492ED009C05}.Debug|Any CPU.Build.0 = Debug|Any CPU
		{6DE408B4-EAA5-9B66-861B-8492ED009C05}.Release|Any CPU.ActiveCfg = Release|Any CPU
		{6DE408B4-EAA5-9B66-861B-8492ED009C05}.Release|Any CPU.Build.0 = Release|Any CPU
		{237832B8-BE5D-FB08-5A57-8F4E075F2926}.Debug|Any CPU.ActiveCfg = Debug|Any CPU
		{237832B8-BE5D-FB08-5A57-8F4E075F2926}.Debug|Any CPU.Build.0 = Debug|Any CPU
		{237832B8-BE5D-FB08-5A57-8F4E075F2926}.Release|Any CPU.ActiveCfg = Release|Any CPU
		{237832B8-BE5D-FB08-5A57-8F4E075F2926}.Release|Any CPU.Build.0 = Release|Any CPU
		{368A41CF-B104-FAA5-99B9-5A7681100E8D}.Debug|Any CPU.ActiveCfg = Debug|Any CPU
		{368A41CF-B104-FAA5-99B9-5A7681100E8D}.Debug|Any CPU.Build.0 = Debug|Any CPU
		{368A41CF-B104-FAA5-99B9-5A7681100E8D}.Release|Any CPU.ActiveCfg = Release|Any CPU
		{368A41CF-B104-FAA5-99B9-5A7681100E8D}.Release|Any CPU.Build.0 = Release|Any CPU
		{D73DAF47-C82B-11DF-C2A0-7FCED21B89A5}.Debug|Any CPU.ActiveCfg = Debug|Any CPU
		{D73DAF47-C82B-11DF-C2A0-7FCED21B89A5}.Debug|Any CPU.Build.0 = Debug|Any CPU
		{D73DAF47-C82B-11DF-C2A0-7FCED21B89A5}.Release|Any CPU.ActiveCfg = Release|Any CPU
		{D73DAF47-C82B-11DF-C2A0-7FCED21B89A5}.Release|Any CPU.Build.0 = Release|Any CPU
	EndGlobalSection
	GlobalSection(SolutionProperties) = preSolution
		HideSolutionNode = FALSE
	EndGlobalSection
EndGlobal
