
Microsoft Visual Studio Solution File, Format Version 12.00
# Visual Studio 15
Project("{FAE04EC0-301F-11D3-BF4B-00C04F79EFBC}") = "Oculus.Platform", "Oculus.Platform.csproj", "{39EBB451-FFFE-5C80-EBBE-1809144B76E3}"
EndProject
Project("{FAE04EC0-301F-11D3-BF4B-00C04F79EFBC}") = "Assembly-CSharp", "Assembly-CSharp.csproj", "{EE13F1AF-D06C-519E-2200-69121E905D3F}"
EndProject
Project("{FAE04EC0-301F-11D3-BF4B-00C04F79EFBC}") = "Oculus.Spatializer", "Oculus.Spatializer.csproj", "{362A238B-B65A-4A47-5793-4F1BE512E4F7}"
EndProject
Project("{FAE04EC0-301F-11D3-BF4B-00C04F79EFBC}") = "Oculus.Interaction", "Oculus.Interaction.csproj", "{41F81598-A237-7E65-73F0-472B7520A135}"
EndProject
Project("{FAE04EC0-301F-11D3-BF4B-00C04F79EFBC}") = "Meta.WitAi", "Meta.WitAi.csproj", "{D2D29453-B2AC-DF15-546C-F2B2F5E7B81C}"
EndProject
Project("{FAE04EC0-301F-11D3-BF4B-00C04F79EFBC}") = "Oculus.Interaction.OVR.Samples", "Oculus.Interaction.OVR.Samples.csproj", "{E825C9E1-A918-8C78-1B9F-389481401E20}"
EndProject
Project("{FAE04EC0-301F-11D3-BF4B-00C04F79EFBC}") = "Oculus.VR", "Oculus.VR.csproj", "{E665EB35-4145-0880-67B7-C06C5863EEE4}"
EndProject
Project("{FAE04EC0-301F-11D3-BF4B-00C04F79EFBC}") = "VoiceSDK.Dictation.Runtime", "VoiceSDK.Dictation.Runtime.csproj", "{BECBAB86-CB7F-5E25-8444-0060DF03B112}"
EndProject
Project("{FAE04EC0-301F-11D3-BF4B-00C04F79EFBC}") = "Meta.WitAi.TTS", "Meta.WitAi.TTS.csproj", "{C85E2CD2-13CF-9346-3F48-E9B70C21E25C}"
EndProject
Project("{FAE04EC0-301F-11D3-BF4B-00C04F79EFBC}") = "Oculus.AudioManager", "Oculus.AudioManager.csproj", "{B2F9FCC0-5B7A-B702-781A-793E7B618847}"
EndProject
Project("{FAE04EC0-301F-11D3-BF4B-00C04F79EFBC}") = "VoiceSDK.Runtime", "VoiceSDK.Runtime.csproj", "{78D22AE5-E550-6B9A-A6A2-1021DB06F04D}"
EndProject
Project("{FAE04EC0-301F-11D3-BF4B-00C04F79EFBC}") = "Facebook.Wit.Dictation", "Facebook.Wit.Dictation.csproj", "{84F2ADCB-9A59-901D-866F-86789A25A2CE}"
EndProject
Project("{FAE04EC0-301F-11D3-BF4B-00C04F79EFBC}") = "Meta.WitAi.TTS.Samples", "Meta.WitAi.TTS.Samples.csproj", "{CA9D599B-826F-9E7B-78CF-40DB00F6F535}"
EndProject
Project("{FAE04EC0-301F-11D3-BF4B-00C04F79EFBC}") = "Oculus.Voice.Demo", "Oculus.Voice.Demo.csproj", "{DD67D479-8F9A-F172-94FB-F04216B79554}"
EndProject
Project("{FAE04EC0-301F-11D3-BF4B-00C04F79EFBC}") = "Meta.WitAi.Lib", "Meta.WitAi.Lib.csproj", "{15E81CB7-070F-29FC-D6B0-E20300AAB038}"
EndProject
Project("{FAE04EC0-301F-11D3-BF4B-00C04F79EFBC}") = "Oculus.Interaction.OVR", "Oculus.Interaction.OVR.csproj", "{5CF14CE8-DBD8-DD2E-5123-F04082E9BB05}"
EndProject
Project("{FAE04EC0-301F-11D3-BF4B-00C04F79EFBC}") = "AssistantCoreSDKRuntime", "AssistantCoreSDKRuntime.csproj", "{B225DF4F-FFF4-B643-CDCA-860DA1E92521}"
EndProject
Project("{FAE04EC0-301F-11D3-BF4B-00C04F79EFBC}") = "Meta.WitAi.Conduit", "Meta.WitAi.Conduit.csproj", "{BA11B2A9-19D2-BF24-A957-8B238BD8555E}"
EndProject
Project("{FAE04EC0-301F-11D3-BF4B-00C04F79EFBC}") = "Oculus.LipSync", "Oculus.LipSync.csproj", "{4E41485A-5A69-BEF0-0467-A9D99F2BC9D3}"
EndProject
Project("{FAE04EC0-301F-11D3-BF4B-00C04F79EFBC}") = "Meta.VoiceSDK.Mic.Other", "Meta.VoiceSDK.Mic.Other.csproj", "{FA2F2FEF-0FEC-27D4-36A8-3E42813512F0}"
EndProject
Project("{FAE04EC0-301F-11D3-BF4B-00C04F79EFBC}") = "Meta.VoiceSDK.Mic.Common", "Meta.VoiceSDK.Mic.Common.csproj", "{BB808304-2FAB-46D1-777C-A1ECE6D8D6E5}"
EndProject
Project("{FAE04EC0-301F-11D3-BF4B-00C04F79EFBC}") = "Meta.WitAi.Editor", "Meta.WitAi.Editor.csproj", "{2368572E-81CF-4EFF-7FC4-FBD356F9771A}"
EndProject
Project("{FAE04EC0-301F-11D3-BF4B-00C04F79EFBC}") = "Meta.WitAi.Conduit.Editor", "Meta.WitAi.Conduit.Editor.csproj", "{9F978A62-AE3B-E48D-506B-334C75A9DBD1}"
EndProject
Project("{FAE04EC0-301F-11D3-BF4B-00C04F79EFBC}") = "Oculus.Interaction.Editor", "Oculus.Interaction.Editor.csproj", "{B46782AF-6B53-4827-DCA2-584524D62E7D}"
EndProject
Project("{FAE04EC0-301F-11D3-BF4B-00C04F79EFBC}") = "Meta.WitAI.Lib.Editor", "Meta.WitAI.Lib.Editor.csproj", "{9236FC69-FE8C-26D2-D177-69AEB2BA6B61}"
EndProject
Project("{FAE04EC0-301F-11D3-BF4B-00C04F79EFBC}") = "Oculus.VR.Editor", "Oculus.VR.Editor.csproj", "{B832F8AD-DCD1-EB2E-F573-CCA1B4107234}"
EndProject
Project("{FAE04EC0-301F-11D3-BF4B-00C04F79EFBC}") = "Oculus.Interaction.OVR.Editor", "Oculus.Interaction.OVR.Editor.csproj", "{E1F4A682-D7D3-F74C-065D-099516008AB2}"
EndProject
Project("{FAE04EC0-301F-11D3-BF4B-00C04F79EFBC}") = "Assembly-CSharp-Editor", "Assembly-CSharp-Editor.csproj", "{58F0C0B0-7837-E5E1-686B-18E6A510D01B}"
EndProject
Project("{FAE04EC0-301F-11D3-BF4B-00C04F79EFBC}") = "Oculus.Interaction.Samples.Editor", "Oculus.Interaction.Samples.Editor.csproj", "{6CD0DAE6-D0EC-193C-1E9B-5F7EB9C901FB}"
EndProject
Project("{FAE04EC0-301F-11D3-BF4B-00C04F79EFBC}") = "Oculus.VR.Scripts.Editor", "Oculus.VR.Scripts.Editor.csproj", "{6D2572F7-C5F3-8575-2F99-46F5152E8111}"
EndProject
Project("{FAE04EC0-301F-11D3-BF4B-00C04F79EFBC}") = "VoiceSDK.Editor", "VoiceSDK.Editor.csproj", "{45439064-4FC5-C40C-1340-B2C8476F4417}"
EndProject
Project("{FAE04EC0-301F-11D3-BF4B-00C04F79EFBC}") = "Oculus.Spatializer.Editor", "Oculus.Spatializer.Editor.csproj", "{B33A2B6F-140F-D08F-F294-5878D7B559D2}"
EndProject
Project("{FAE04EC0-301F-11D3-BF4B-00C04F79EFBC}") = "Meta.WitAi.TTS.Editor", "Meta.WitAi.TTS.Editor.csproj", "{029DA306-457C-A4F1-74DE-DAE2887E8C1B}"
EndProject
Project("{FAE04EC0-301F-11D3-BF4B-00C04F79EFBC}") = "Facebook.Wit.Dictation.Editor", "Facebook.Wit.Dictation.Editor.csproj", "{004FAD1A-8AC3-BC30-7F08-A1A1556FF541}"
EndProject
Project("{FAE04EC0-301F-11D3-BF4B-00C04F79EFBC}") = "VoiceSDK.Dictation.Editor", "VoiceSDK.Dictation.Editor.csproj", "{110C5A79-E2A5-94FA-9D04-6D358E8AE6AA}"
EndProject
Project("{FAE04EC0-301F-11D3-BF4B-00C04F79EFBC}") = "Oculus.Platform.Editor", "Oculus.Platform.Editor.csproj", "{50E66E92-E7E2-0C07-650D-162497B8031A}"
EndProject
Project("{FAE04EC0-301F-11D3-BF4B-00C04F79EFBC}") = "Oculus.AudioManager.Audio.Editor", "Oculus.AudioManager.Audio.Editor.csproj", "{6C91A743-53C5-7913-B425-F4E6C44BCEC9}"
EndProject
Project("{FAE04EC0-301F-11D3-BF4B-00C04F79EFBC}") = "Oculus.Interaction.InterfaceSupport", "Oculus.Interaction.InterfaceSupport.csproj", "{797BD317-FB57-9AA6-33EE-3FF31DF2DD93}"
EndProject
Project("{FAE04EC0-301F-11D3-BF4B-00C04F79EFBC}") = "Oculus.LipSync.Editor", "Oculus.LipSync.Editor.csproj", "{7A9AD552-9949-F6FD-B43D-567F44E76A14}"
EndProject
Project("{FAE04EC0-301F-11D3-BF4B-00C04F79EFBC}") = "AssistantCoreSDKEditor", "AssistantCoreSDKEditor.csproj", "{2580B820-A612-90A4-EE35-07D1F4AF165D}"
EndProject
Project("{FAE04EC0-301F-11D3-BF4B-00C04F79EFBC}") = "Oculus.AudioManager.Utils.Editor", "Oculus.AudioManager.Utils.Editor.csproj", "{E54763D4-CB63-FF2D-5942-7F9544021B7E}"
EndProject
Global
	GlobalSection(SolutionConfigurationPlatforms) = preSolution
		Debug|Any CPU = Debug|Any CPU
		Release|Any CPU = Release|Any CPU
	EndGlobalSection
	GlobalSection(ProjectConfigurationPlatforms) = postSolution
		{39EBB451-FFFE-5C80-EBBE-1809144B76E3}.Debug|Any CPU.ActiveCfg = Debug|Any CPU
		{39EBB451-FFFE-5C80-EBBE-1809144B76E3}.Debug|Any CPU.Build.0 = Debug|Any CPU
		{39EBB451-FFFE-5C80-EBBE-1809144B76E3}.Release|Any CPU.ActiveCfg = Release|Any CPU
		{39EBB451-FFFE-5C80-EBBE-1809144B76E3}.Release|Any CPU.Build.0 = Release|Any CPU
		{EE13F1AF-D06C-519E-2200-69121E905D3F}.Debug|Any CPU.ActiveCfg = Debug|Any CPU
		{EE13F1AF-D06C-519E-2200-69121E905D3F}.Debug|Any CPU.Build.0 = Debug|Any CPU
		{EE13F1AF-D06C-519E-2200-69121E905D3F}.Release|Any CPU.ActiveCfg = Release|Any CPU
		{EE13F1AF-D06C-519E-2200-69121E905D3F}.Release|Any CPU.Build.0 = Release|Any CPU
		{362A238B-B65A-4A47-5793-4F1BE512E4F7}.Debug|Any CPU.ActiveCfg = Debug|Any CPU
		{362A238B-B65A-4A47-5793-4F1BE512E4F7}.Debug|Any CPU.Build.0 = Debug|Any CPU
		{362A238B-B65A-4A47-5793-4F1BE512E4F7}.Release|Any CPU.ActiveCfg = Release|Any CPU
		{362A238B-B65A-4A47-5793-4F1BE512E4F7}.Release|Any CPU.Build.0 = Release|Any CPU
		{41F81598-A237-7E65-73F0-472B7520A135}.Debug|Any CPU.ActiveCfg = Debug|Any CPU
		{41F81598-A237-7E65-73F0-472B7520A135}.Debug|Any CPU.Build.0 = Debug|Any CPU
		{41F81598-A237-7E65-73F0-472B7520A135}.Release|Any CPU.ActiveCfg = Release|Any CPU
		{41F81598-A237-7E65-73F0-472B7520A135}.Release|Any CPU.Build.0 = Release|Any CPU
		{D2D29453-B2AC-DF15-546C-F2B2F5E7B81C}.Debug|Any CPU.ActiveCfg = Debug|Any CPU
		{D2D29453-B2AC-DF15-546C-F2B2F5E7B81C}.Debug|Any CPU.Build.0 = Debug|Any CPU
		{D2D29453-B2AC-DF15-546C-F2B2F5E7B81C}.Release|Any CPU.ActiveCfg = Release|Any CPU
		{D2D29453-B2AC-DF15-546C-F2B2F5E7B81C}.Release|Any CPU.Build.0 = Release|Any CPU
		{E825C9E1-A918-8C78-1B9F-389481401E20}.Debug|Any CPU.ActiveCfg = Debug|Any CPU
		{E825C9E1-A918-8C78-1B9F-389481401E20}.Debug|Any CPU.Build.0 = Debug|Any CPU
		{E825C9E1-A918-8C78-1B9F-389481401E20}.Release|Any CPU.ActiveCfg = Release|Any CPU
		{E825C9E1-A918-8C78-1B9F-389481401E20}.Release|Any CPU.Build.0 = Release|Any CPU
		{E665EB35-4145-0880-67B7-C06C5863EEE4}.Debug|Any CPU.ActiveCfg = Debug|Any CPU
		{E665EB35-4145-0880-67B7-C06C5863EEE4}.Debug|Any CPU.Build.0 = Debug|Any CPU
		{E665EB35-4145-0880-67B7-C06C5863EEE4}.Release|Any CPU.ActiveCfg = Release|Any CPU
		{E665EB35-4145-0880-67B7-C06C5863EEE4}.Release|Any CPU.Build.0 = Release|Any CPU
		{BECBAB86-CB7F-5E25-8444-0060DF03B112}.Debug|Any CPU.ActiveCfg = Debug|Any CPU
		{BECBAB86-CB7F-5E25-8444-0060DF03B112}.Debug|Any CPU.Build.0 = Debug|Any CPU
		{BECBAB86-CB7F-5E25-8444-0060DF03B112}.Release|Any CPU.ActiveCfg = Release|Any CPU
		{BECBAB86-CB7F-5E25-8444-0060DF03B112}.Release|Any CPU.Build.0 = Release|Any CPU
		{C85E2CD2-13CF-9346-3F48-E9B70C21E25C}.Debug|Any CPU.ActiveCfg = Debug|Any CPU
		{C85E2CD2-13CF-9346-3F48-E9B70C21E25C}.Debug|Any CPU.Build.0 = Debug|Any CPU
		{C85E2CD2-13CF-9346-3F48-E9B70C21E25C}.Release|Any CPU.ActiveCfg = Release|Any CPU
		{C85E2CD2-13CF-9346-3F48-E9B70C21E25C}.Release|Any CPU.Build.0 = Release|Any CPU
		{B2F9FCC0-5B7A-B702-781A-793E7B618847}.Debug|Any CPU.ActiveCfg = Debug|Any CPU
		{B2F9FCC0-5B7A-B702-781A-793E7B618847}.Debug|Any CPU.Build.0 = Debug|Any CPU
		{B2F9FCC0-5B7A-B702-781A-793E7B618847}.Release|Any CPU.ActiveCfg = Release|Any CPU
		{B2F9FCC0-5B7A-B702-781A-793E7B618847}.Release|Any CPU.Build.0 = Release|Any CPU
		{78D22AE5-E550-6B9A-A6A2-1021DB06F04D}.Debug|Any CPU.ActiveCfg = Debug|Any CPU
		{78D22AE5-E550-6B9A-A6A2-1021DB06F04D}.Debug|Any CPU.Build.0 = Debug|Any CPU
		{78D22AE5-E550-6B9A-A6A2-1021DB06F04D}.Release|Any CPU.ActiveCfg = Release|Any CPU
		{78D22AE5-E550-6B9A-A6A2-1021DB06F04D}.Release|Any CPU.Build.0 = Release|Any CPU
		{84F2ADCB-9A59-901D-866F-86789A25A2CE}.Debug|Any CPU.ActiveCfg = Debug|Any CPU
		{84F2ADCB-9A59-901D-866F-86789A25A2CE}.Debug|Any CPU.Build.0 = Debug|Any CPU
		{84F2ADCB-9A59-901D-866F-86789A25A2CE}.Release|Any CPU.ActiveCfg = Release|Any CPU
		{84F2ADCB-9A59-901D-866F-86789A25A2CE}.Release|Any CPU.Build.0 = Release|Any CPU
		{CA9D599B-826F-9E7B-78CF-40DB00F6F535}.Debug|Any CPU.ActiveCfg = Debug|Any CPU
		{CA9D599B-826F-9E7B-78CF-40DB00F6F535}.Debug|Any CPU.Build.0 = Debug|Any CPU
		{CA9D599B-826F-9E7B-78CF-40DB00F6F535}.Release|Any CPU.ActiveCfg = Release|Any CPU
		{CA9D599B-826F-9E7B-78CF-40DB00F6F535}.Release|Any CPU.Build.0 = Release|Any CPU
		{DD67D479-8F9A-F172-94FB-F04216B79554}.Debug|Any CPU.ActiveCfg = Debug|Any CPU
		{DD67D479-8F9A-F172-94FB-F04216B79554}.Debug|Any CPU.Build.0 = Debug|Any CPU
		{DD67D479-8F9A-F172-94FB-F04216B79554}.Release|Any CPU.ActiveCfg = Release|Any CPU
		{DD67D479-8F9A-F172-94FB-F04216B79554}.Release|Any CPU.Build.0 = Release|Any CPU
		{15E81CB7-070F-29FC-D6B0-E20300AAB038}.Debug|Any CPU.ActiveCfg = Debug|Any CPU
		{15E81CB7-070F-29FC-D6B0-E20300AAB038}.Debug|Any CPU.Build.0 = Debug|Any CPU
		{15E81CB7-070F-29FC-D6B0-E20300AAB038}.Release|Any CPU.ActiveCfg = Release|Any CPU
		{15E81CB7-070F-29FC-D6B0-E20300AAB038}.Release|Any CPU.Build.0 = Release|Any CPU
		{5CF14CE8-DBD8-DD2E-5123-F04082E9BB05}.Debug|Any CPU.ActiveCfg = Debug|Any CPU
		{5CF14CE8-DBD8-DD2E-5123-F04082E9BB05}.Debug|Any CPU.Build.0 = Debug|Any CPU
		{5CF14CE8-DBD8-DD2E-5123-F04082E9BB05}.Release|Any CPU.ActiveCfg = Release|Any CPU
		{5CF14CE8-DBD8-DD2E-5123-F04082E9BB05}.Release|Any CPU.Build.0 = Release|Any CPU
		{B225DF4F-FFF4-B643-CDCA-860DA1E92521}.Debug|Any CPU.ActiveCfg = Debug|Any CPU
		{B225DF4F-FFF4-B643-CDCA-860DA1E92521}.Debug|Any CPU.Build.0 = Debug|Any CPU
		{B225DF4F-FFF4-B643-CDCA-860DA1E92521}.Release|Any CPU.ActiveCfg = Release|Any CPU
		{B225DF4F-FFF4-B643-CDCA-860DA1E92521}.Release|Any CPU.Build.0 = Release|Any CPU
		{BA11B2A9-19D2-BF24-A957-8B238BD8555E}.Debug|Any CPU.ActiveCfg = Debug|Any CPU
		{BA11B2A9-19D2-BF24-A957-8B238BD8555E}.Debug|Any CPU.Build.0 = Debug|Any CPU
		{BA11B2A9-19D2-BF24-A957-8B238BD8555E}.Release|Any CPU.ActiveCfg = Release|Any CPU
		{BA11B2A9-19D2-BF24-A957-8B238BD8555E}.Release|Any CPU.Build.0 = Release|Any CPU
		{4E41485A-5A69-BEF0-0467-A9D99F2BC9D3}.Debug|Any CPU.ActiveCfg = Debug|Any CPU
		{4E41485A-5A69-BEF0-0467-A9D99F2BC9D3}.Debug|Any CPU.Build.0 = Debug|Any CPU
		{4E41485A-5A69-BEF0-0467-A9D99F2BC9D3}.Release|Any CPU.ActiveCfg = Release|Any CPU
		{4E41485A-5A69-BEF0-0467-A9D99F2BC9D3}.Release|Any CPU.Build.0 = Release|Any CPU
		{FA2F2FEF-0FEC-27D4-36A8-3E42813512F0}.Debug|Any CPU.ActiveCfg = Debug|Any CPU
		{FA2F2FEF-0FEC-27D4-36A8-3E42813512F0}.Debug|Any CPU.Build.0 = Debug|Any CPU
		{FA2F2FEF-0FEC-27D4-36A8-3E42813512F0}.Release|Any CPU.ActiveCfg = Release|Any CPU
		{FA2F2FEF-0FEC-27D4-36A8-3E42813512F0}.Release|Any CPU.Build.0 = Release|Any CPU
		{BB808304-2FAB-46D1-777C-A1ECE6D8D6E5}.Debug|Any CPU.ActiveCfg = Debug|Any CPU
		{BB808304-2FAB-46D1-777C-A1ECE6D8D6E5}.Debug|Any CPU.Build.0 = Debug|Any CPU
		{BB808304-2FAB-46D1-777C-A1ECE6D8D6E5}.Release|Any CPU.ActiveCfg = Release|Any CPU
		{BB808304-2FAB-46D1-777C-A1ECE6D8D6E5}.Release|Any CPU.Build.0 = Release|Any CPU
		{2368572E-81CF-4EFF-7FC4-FBD356F9771A}.Debug|Any CPU.ActiveCfg = Debug|Any CPU
		{2368572E-81CF-4EFF-7FC4-FBD356F9771A}.Debug|Any CPU.Build.0 = Debug|Any CPU
		{2368572E-81CF-4EFF-7FC4-FBD356F9771A}.Release|Any CPU.ActiveCfg = Release|Any CPU
		{2368572E-81CF-4EFF-7FC4-FBD356F9771A}.Release|Any CPU.Build.0 = Release|Any CPU
		{9F978A62-AE3B-E48D-506B-334C75A9DBD1}.Debug|Any CPU.ActiveCfg = Debug|Any CPU
		{9F978A62-AE3B-E48D-506B-334C75A9DBD1}.Debug|Any CPU.Build.0 = Debug|Any CPU
		{9F978A62-AE3B-E48D-506B-334C75A9DBD1}.Release|Any CPU.ActiveCfg = Release|Any CPU
		{9F978A62-AE3B-E48D-506B-334C75A9DBD1}.Release|Any CPU.Build.0 = Release|Any CPU
		{B46782AF-6B53-4827-DCA2-584524D62E7D}.Debug|Any CPU.ActiveCfg = Debug|Any CPU
		{B46782AF-6B53-4827-DCA2-584524D62E7D}.Debug|Any CPU.Build.0 = Debug|Any CPU
		{B46782AF-6B53-4827-DCA2-584524D62E7D}.Release|Any CPU.ActiveCfg = Release|Any CPU
		{B46782AF-6B53-4827-DCA2-584524D62E7D}.Release|Any CPU.Build.0 = Release|Any CPU
		{9236FC69-FE8C-26D2-D177-69AEB2BA6B61}.Debug|Any CPU.ActiveCfg = Debug|Any CPU
		{9236FC69-FE8C-26D2-D177-69AEB2BA6B61}.Debug|Any CPU.Build.0 = Debug|Any CPU
		{9236FC69-FE8C-26D2-D177-69AEB2BA6B61}.Release|Any CPU.ActiveCfg = Release|Any CPU
		{9236FC69-FE8C-26D2-D177-69AEB2BA6B61}.Release|Any CPU.Build.0 = Release|Any CPU
		{B832F8AD-DCD1-EB2E-F573-CCA1B4107234}.Debug|Any CPU.ActiveCfg = Debug|Any CPU
		{B832F8AD-DCD1-EB2E-F573-CCA1B4107234}.Debug|Any CPU.Build.0 = Debug|Any CPU
		{B832F8AD-DCD1-EB2E-F573-CCA1B4107234}.Release|Any CPU.ActiveCfg = Release|Any CPU
		{B832F8AD-DCD1-EB2E-F573-CCA1B4107234}.Release|Any CPU.Build.0 = Release|Any CPU
		{E1F4A682-D7D3-F74C-065D-099516008AB2}.Debug|Any CPU.ActiveCfg = Debug|Any CPU
		{E1F4A682-D7D3-F74C-065D-099516008AB2}.Debug|Any CPU.Build.0 = Debug|Any CPU
		{E1F4A682-D7D3-F74C-065D-099516008AB2}.Release|Any CPU.ActiveCfg = Release|Any CPU
		{E1F4A682-D7D3-F74C-065D-099516008AB2}.Release|Any CPU.Build.0 = Release|Any CPU
		{58F0C0B0-7837-E5E1-686B-18E6A510D01B}.Debug|Any CPU.ActiveCfg = Debug|Any CPU
		{58F0C0B0-7837-E5E1-686B-18E6A510D01B}.Debug|Any CPU.Build.0 = Debug|Any CPU
		{58F0C0B0-7837-E5E1-686B-18E6A510D01B}.Release|Any CPU.ActiveCfg = Release|Any CPU
		{58F0C0B0-7837-E5E1-686B-18E6A510D01B}.Release|Any CPU.Build.0 = Release|Any CPU
		{6CD0DAE6-D0EC-193C-1E9B-5F7EB9C901FB}.Debug|Any CPU.ActiveCfg = Debug|Any CPU
		{6CD0DAE6-D0EC-193C-1E9B-5F7EB9C901FB}.Debug|Any CPU.Build.0 = Debug|Any CPU
		{6CD0DAE6-D0EC-193C-1E9B-5F7EB9C901FB}.Release|Any CPU.ActiveCfg = Release|Any CPU
		{6CD0DAE6-D0EC-193C-1E9B-5F7EB9C901FB}.Release|Any CPU.Build.0 = Release|Any CPU
		{6D2572F7-C5F3-8575-2F99-46F5152E8111}.Debug|Any CPU.ActiveCfg = Debug|Any CPU
		{6D2572F7-C5F3-8575-2F99-46F5152E8111}.Debug|Any CPU.Build.0 = Debug|Any CPU
		{6D2572F7-C5F3-8575-2F99-46F5152E8111}.Release|Any CPU.ActiveCfg = Release|Any CPU
		{6D2572F7-C5F3-8575-2F99-46F5152E8111}.Release|Any CPU.Build.0 = Release|Any CPU
		{45439064-4FC5-C40C-1340-B2C8476F4417}.Debug|Any CPU.ActiveCfg = Debug|Any CPU
		{45439064-4FC5-C40C-1340-B2C8476F4417}.Debug|Any CPU.Build.0 = Debug|Any CPU
		{45439064-4FC5-C40C-1340-B2C8476F4417}.Release|Any CPU.ActiveCfg = Release|Any CPU
		{45439064-4FC5-C40C-1340-B2C8476F4417}.Release|Any CPU.Build.0 = Release|Any CPU
		{B33A2B6F-140F-D08F-F294-5878D7B559D2}.Debug|Any CPU.ActiveCfg = Debug|Any CPU
		{B33A2B6F-140F-D08F-F294-5878D7B559D2}.Debug|Any CPU.Build.0 = Debug|Any CPU
		{B33A2B6F-140F-D08F-F294-5878D7B559D2}.Release|Any CPU.ActiveCfg = Release|Any CPU
		{B33A2B6F-140F-D08F-F294-5878D7B559D2}.Release|Any CPU.Build.0 = Release|Any CPU
		{029DA306-457C-A4F1-74DE-DAE2887E8C1B}.Debug|Any CPU.ActiveCfg = Debug|Any CPU
		{029DA306-457C-A4F1-74DE-DAE2887E8C1B}.Debug|Any CPU.Build.0 = Debug|Any CPU
		{029DA306-457C-A4F1-74DE-DAE2887E8C1B}.Release|Any CPU.ActiveCfg = Release|Any CPU
		{029DA306-457C-A4F1-74DE-DAE2887E8C1B}.Release|Any CPU.Build.0 = Release|Any CPU
		{004FAD1A-8AC3-BC30-7F08-A1A1556FF541}.Debug|Any CPU.ActiveCfg = Debug|Any CPU
		{004FAD1A-8AC3-BC30-7F08-A1A1556FF541}.Debug|Any CPU.Build.0 = Debug|Any CPU
		{004FAD1A-8AC3-BC30-7F08-A1A1556FF541}.Release|Any CPU.ActiveCfg = Release|Any CPU
		{004FAD1A-8AC3-BC30-7F08-A1A1556FF541}.Release|Any CPU.Build.0 = Release|Any CPU
		{110C5A79-E2A5-94FA-9D04-6D358E8AE6AA}.Debug|Any CPU.ActiveCfg = Debug|Any CPU
		{110C5A79-E2A5-94FA-9D04-6D358E8AE6AA}.Debug|Any CPU.Build.0 = Debug|Any CPU
		{110C5A79-E2A5-94FA-9D04-6D358E8AE6AA}.Release|Any CPU.ActiveCfg = Release|Any CPU
		{110C5A79-E2A5-94FA-9D04-6D358E8AE6AA}.Release|Any CPU.Build.0 = Release|Any CPU
		{50E66E92-E7E2-0C07-650D-162497B8031A}.Debug|Any CPU.ActiveCfg = Debug|Any CPU
		{50E66E92-E7E2-0C07-650D-162497B8031A}.Debug|Any CPU.Build.0 = Debug|Any CPU
		{50E66E92-E7E2-0C07-650D-162497B8031A}.Release|Any CPU.ActiveCfg = Release|Any CPU
		{50E66E92-E7E2-0C07-650D-162497B8031A}.Release|Any CPU.Build.0 = Release|Any CPU
		{6C91A743-53C5-7913-B425-F4E6C44BCEC9}.Debug|Any CPU.ActiveCfg = Debug|Any CPU
		{6C91A743-53C5-7913-B425-F4E6C44BCEC9}.Debug|Any CPU.Build.0 = Debug|Any CPU
		{6C91A743-53C5-7913-B425-F4E6C44BCEC9}.Release|Any CPU.ActiveCfg = Release|Any CPU
		{6C91A743-53C5-7913-B425-F4E6C44BCEC9}.Release|Any CPU.Build.0 = Release|Any CPU
		{797BD317-FB57-9AA6-33EE-3FF31DF2DD93}.Debug|Any CPU.ActiveCfg = Debug|Any CPU
		{797BD317-FB57-9AA6-33EE-3FF31DF2DD93}.Debug|Any CPU.Build.0 = Debug|Any CPU
		{797BD317-FB57-9AA6-33EE-3FF31DF2DD93}.Release|Any CPU.ActiveCfg = Release|Any CPU
		{797BD317-FB57-9AA6-33EE-3FF31DF2DD93}.Release|Any CPU.Build.0 = Release|Any CPU
		{7A9AD552-9949-F6FD-B43D-567F44E76A14}.Debug|Any CPU.ActiveCfg = Debug|Any CPU
		{7A9AD552-9949-F6FD-B43D-567F44E76A14}.Debug|Any CPU.Build.0 = Debug|Any CPU
		{7A9AD552-9949-F6FD-B43D-567F44E76A14}.Release|Any CPU.ActiveCfg = Release|Any CPU
		{7A9AD552-9949-F6FD-B43D-567F44E76A14}.Release|Any CPU.Build.0 = Release|Any CPU
		{2580B820-A612-90A4-EE35-07D1F4AF165D}.Debug|Any CPU.ActiveCfg = Debug|Any CPU
		{2580B820-A612-90A4-EE35-07D1F4AF165D}.Debug|Any CPU.Build.0 = Debug|Any CPU
		{2580B820-A612-90A4-EE35-07D1F4AF165D}.Release|Any CPU.ActiveCfg = Release|Any CPU
		{2580B820-A612-90A4-EE35-07D1F4AF165D}.Release|Any CPU.Build.0 = Release|Any CPU
		{E54763D4-CB63-FF2D-5942-7F9544021B7E}.Debug|Any CPU.ActiveCfg = Debug|Any CPU
		{E54763D4-CB63-FF2D-5942-7F9544021B7E}.Debug|Any CPU.Build.0 = Debug|Any CPU
		{E54763D4-CB63-FF2D-5942-7F9544021B7E}.Release|Any CPU.ActiveCfg = Release|Any CPU
		{E54763D4-CB63-FF2D-5942-7F9544021B7E}.Release|Any CPU.Build.0 = Release|Any CPU
	EndGlobalSection
	GlobalSection(SolutionProperties) = preSolution
		HideSolutionNode = FALSE
	EndGlobalSection
EndGlobal
